{
  "originHash" : "4cdad746817ac9ed37e44dbe90a2ff25fc018954899b7d513e41a4bfc70f065a",
  "pins" : [
    {
      "identity" : "snapkit",
      "kind" : "remoteSourceControl",
      "location" : "https://github.com/SnapKit/SnapKit",
      "state" : {
        "branch" : "develop",
        "revision" : "19f59a63f0faac287f4e59986959859d81ec851c"
      }
    }
  ],
  "version" : 3
}
